
Microsoft Visual Studio Solution File, Format Version 12.00
# Visual Studio Version 17
VisualStudioVersion = 17.8.34309.116
MinimumVisualStudioVersion = 10.0.40219.1
Project("{FAE04EC0-301F-11D3-BF4B-00C04F79EFBC}") = "UniversalConverter", "UniversalConverter\UniversalConverter.csproj", "{113EBFCB-DF12-4170-B731-57DB18D895FD}"
EndProject
Global
	GlobalSection(SolutionConfigurationPlatforms) = preSolution
		Debug|Any CPU = Debug|Any CPU
		Release|Any CPU = Release|Any CPU
	EndGlobalSection
	GlobalSection(ProjectConfigurationPlatforms) = postSolution
		{113EBFCB-DF12-4170-B731-57DB18D895FD}.Debug|Any CPU.ActiveCfg = Debug|Any CPU
		{113EBFCB-DF12-4170-B731-57DB18D895FD}.Debug|Any CPU.Build.0 = Debug|Any CPU
		{113EBFCB-DF12-4170-B731-57DB18D895FD}.Release|Any CPU.ActiveCfg = Release|Any CPU
		{113EBFCB-DF12-4170-B731-57DB18D895FD}.Release|Any CPU.Build.0 = Release|Any CPU
	EndGlobalSection
	GlobalSection(SolutionProperties) = preSolution
		HideSolutionNode = FALSE
	EndGlobalSection
	GlobalSection(ExtensibilityGlobals) = postSolution
		SolutionGuid = {F2F38A32-06D4-4A75-AA05-DC4B7CD005E8}
	EndGlobalSection
EndGlobal
